
Microsoft Visual Studio Solution File, Format Version 12.00
# Visual Studio Version 16
VisualStudioVersion = 16.0.29409.12
MinimumVisualStudioVersion = 10.0.40219.1
Project("{FAE04EC0-301F-11D3-BF4B-00C04F79EFBC}") = "RestaurantFinder.Models", "RestaurantFinder.Models\RestaurantFinder.Models.csproj", "{144FB94F-BA6B-4AFD-869B-732447511553}"
EndProject
Project("{FAE04EC0-301F-11D3-BF4B-00C04F79EFBC}") = "RestaurantFinder.Repository", "RestaurantFinder.Repository\RestaurantFinder.Repository.csproj", "{1B2B1EE3-D380-49E1-BE2D-DA8ABC43CC79}"
EndProject
Project("{FAE04EC0-301F-11D3-BF4B-00C04F79EFBC}") = "RestaurantFinder.BusinessLogic", "RestaurantFinder.BusinessLogic\RestaurantFinder.BusinessLogic.csproj", "{EDFB83B5-BF2B-490E-BB51-5654DFC635A0}"
EndProject
Project("{FAE04EC0-301F-11D3-BF4B-00C04F79EFBC}") = "RestaurantFinder.WebUI", "RestaurantFinder.WebUI\RestaurantFinder.WebUI.csproj", "{5BDCDA31-3E18-443B-9F48-6AA6182A2731}"
EndProject
Global
	GlobalSection(SolutionConfigurationPlatforms) = preSolution
		Debug|Any CPU = Debug|Any CPU
		Release|Any CPU = Release|Any CPU
	EndGlobalSection
	GlobalSection(ProjectConfigurationPlatforms) = postSolution
		{144FB94F-BA6B-4AFD-869B-732447511553}.Debug|Any CPU.ActiveCfg = Debug|Any CPU
		{144FB94F-BA6B-4AFD-869B-732447511553}.Debug|Any CPU.Build.0 = Debug|Any CPU
		{144FB94F-BA6B-4AFD-869B-732447511553}.Release|Any CPU.ActiveCfg = Release|Any CPU
		{144FB94F-BA6B-4AFD-869B-732447511553}.Release|Any CPU.Build.0 = Release|Any CPU
		{1B2B1EE3-D380-49E1-BE2D-DA8ABC43CC79}.Debug|Any CPU.ActiveCfg = Debug|Any CPU
		{1B2B1EE3-D380-49E1-BE2D-DA8ABC43CC79}.Debug|Any CPU.Build.0 = Debug|Any CPU
		{1B2B1EE3-D380-49E1-BE2D-DA8ABC43CC79}.Release|Any CPU.ActiveCfg = Release|Any CPU
		{1B2B1EE3-D380-49E1-BE2D-DA8ABC43CC79}.Release|Any CPU.Build.0 = Release|Any CPU
		{EDFB83B5-BF2B-490E-BB51-5654DFC635A0}.Debug|Any CPU.ActiveCfg = Debug|Any CPU
		{EDFB83B5-BF2B-490E-BB51-5654DFC635A0}.Debug|Any CPU.Build.0 = Debug|Any CPU
		{EDFB83B5-BF2B-490E-BB51-5654DFC635A0}.Release|Any CPU.ActiveCfg = Release|Any CPU
		{EDFB83B5-BF2B-490E-BB51-5654DFC635A0}.Release|Any CPU.Build.0 = Release|Any CPU
		{5BDCDA31-3E18-443B-9F48-6AA6182A2731}.Debug|Any CPU.ActiveCfg = Debug|Any CPU
		{5BDCDA31-3E18-443B-9F48-6AA6182A2731}.Debug|Any CPU.Build.0 = Debug|Any CPU
		{5BDCDA31-3E18-443B-9F48-6AA6182A2731}.Release|Any CPU.ActiveCfg = Release|Any CPU
		{5BDCDA31-3E18-443B-9F48-6AA6182A2731}.Release|Any CPU.Build.0 = Release|Any CPU
	EndGlobalSection
	GlobalSection(SolutionProperties) = preSolution
		HideSolutionNode = FALSE
	EndGlobalSection
	GlobalSection(ExtensibilityGlobals) = postSolution
		SolutionGuid = {1F6EFAF5-BBB7-403F-9CA2-9680C4A3636C}
	EndGlobalSection
EndGlobal
